// !$*UTF8*$!
{
	archiveVersion = 1;
	classes = {
	};
	objectVersion = 56;
	objects = {

/* Begin PBXBuildFile section */
		8E15C8B12B662A37001468C7 /* Socket___iOSApp.swift in Sources */ = {isa = PBXBuildFile; fileRef = 8E15C8B02B662A37001468C7 /* Socket___iOSApp.swift */; };
		8E15C8B32B662A37001468C7 /* ContentView.swift in Sources */ = {isa = PBXBuildFile; fileRef = 8E15C8B22B662A37001468C7 /* ContentView.swift */; };
		8E15C8B52B662A3D001468C7 /* Assets.xcassets in Resources */ = {isa = PBXBuildFile; fileRef = 8E15C8B42B662A3D001468C7 /* Assets.xcassets */; };
		8E15C8B82B662A3D001468C7 /* Preview Assets.xcassets in Resources */ = {isa = PBXBuildFile; fileRef = 8E15C8B72B662A3D001468C7 /* Preview Assets.xcassets */; };
		8E15C8C22B662A3D001468C7 /* Socket___iOSTests.swift in Sources */ = {isa = PBXBuildFile; fileRef = 8E15C8C12B662A3D001468C7 /* Socket___iOSTests.swift */; };
		8E15C8CC2B662A3D001468C7 /* Socket___iOSUITests.swift in Sources */ = {isa = PBXBuildFile; fileRef = 8E15C8CB2B662A3D001468C7 /* Socket___iOSUITests.swift */; };
		8E15C8CE2B662A3D001468C7 /* Socket___iOSUITestsLaunchTests.swift in Sources */ = {isa = PBXBuildFile; fileRef = 8E15C8CD2B662A3D001468C7 /* Socket___iOSUITestsLaunchTests.swift */; };
		8E15C8DB2B662CC0001468C7 /* WebSocketManager.swift in Sources */ = {isa = PBXBuildFile; fileRef = 8E15C8DA2B662CC0001468C7 /* WebSocketManager.swift */; };
/* End PBXBuildFile section */

/* Begin PBXContainerItemProxy section */
		8E15C8BE2B662A3D001468C7 /* PBXContainerItemProxy */ = {
			isa = PBXContainerItemProxy;
			containerPortal = 8E15C8A52B662A36001468C7 /* Project object */;
			proxyType = 1;
			remoteGlobalIDString = 8E15C8AC2B662A37001468C7;
			remoteInfo = "Socket - iOS";
		};
		8E15C8C82B662A3D001468C7 /* PBXContainerItemProxy */ = {
			isa = PBXContainerItemProxy;
			containerPortal = 8E15C8A52B662A36001468C7 /* Project object */;
			proxyType = 1;
			remoteGlobalIDString = 8E15C8AC2B662A37001468C7;
			remoteInfo = "Socket - iOS";
		};
/* End PBXContainerItemProxy section */

/* Begin PBXFileReference section */
		8E15C8AD2B662A37001468C7 /* Socket - iOS.app */ = {isa = PBXFileReference; explicitFileType = wrapper.application; includeInIndex = 0; path = "Socket - iOS.app"; sourceTree = BUILT_PRODUCTS_DIR; };
		8E15C8B02B662A37001468C7 /* Socket___iOSApp.swift */ = {isa = PBXFileReference; lastKnownFileType = sourcecode.swift; path = Socket___iOSApp.swift; sourceTree = "<group>"; };
		8E15C8B22B662A37001468C7 /* ContentView.swift */ = {isa = PBXFileReference; lastKnownFileType = sourcecode.swift; path = ContentView.swift; sourceTree = "<group>"; };
		8E15C8B42B662A3D001468C7 /* Assets.xcassets */ = {isa = PBXFileReference; lastKnownFileType = folder.assetcatalog; path = Assets.xcassets; sourceTree = "<group>"; };
		8E15C8B72B662A3D001468C7 /* Preview Assets.xcassets */ = {isa = PBXFileReference; lastKnownFileType = folder.assetcatalog; path = "Preview Assets.xcassets"; sourceTree = "<group>"; };
		8E15C8BD2B662A3D001468C7 /* Socket - iOSTests.xctest */ = {isa = PBXFileReference; explicitFileType = wrapper.cfbundle; includeInIndex = 0; path = "Socket - iOSTests.xctest"; sourceTree = BUILT_PRODUCTS_DIR; };
		8E15C8C12B662A3D001468C7 /* Socket___iOSTests.swift */ = {isa = PBXFileReference; lastKnownFileType = sourcecode.swift; path = Socket___iOSTests.swift; sourceTree = "<group>"; };
		8E15C8C72B662A3D001468C7 /* Socket - iOSUITests.xctest */ = {isa = PBXFileReference; explicitFileType = wrapper.cfbundle; includeInIndex = 0; path = "Socket - iOSUITests.xctest"; sourceTree = BUILT_PRODUCTS_DIR; };
		8E15C8CB2B662A3D001468C7 /* Socket___iOSUITests.swift */ = {isa = PBXFileReference; lastKnownFileType = sourcecode.swift; path = Socket___iOSUITests.swift; sourceTree = "<group>"; };
		8E15C8CD2B662A3D001468C7 /* Socket___iOSUITestsLaunchTests.swift */ = {isa = PBXFileReference; lastKnownFileType = sourcecode.swift; path = Socket___iOSUITestsLaunchTests.swift; sourceTree = "<group>"; };
		8E15C8DA2B662CC0001468C7 /* WebSocketManager.swift */ = {isa = PBXFileReference; lastKnownFileType = sourcecode.swift; path = WebSocketManager.swift; sourceTree = "<group>"; };
/* End PBXFileReference section */

/* Begin PBXFrameworksBuildPhase section */
		8E15C8AA2B662A37001468C7 /* Frameworks */ = {
			isa = PBXFrameworksBuildPhase;
			buildActionMask = 2147483647;
			files = (
			);
			runOnlyForDeploymentPostprocessing = 0;
		};
		8E15C8BA2B662A3D001468C7 /* Frameworks */ = {
			isa = PBXFrameworksBuildPhase;
			buildActionMask = 2147483647;
			files = (
			);
			runOnlyForDeploymentPostprocessing = 0;
		};
		8E15C8C42B662A3D001468C7 /* Frameworks */ = {
			isa = PBXFrameworksBuildPhase;
			buildActionMask = 2147483647;
			files = (
			);
			runOnlyForDeploymentPostprocessing = 0;
		};
/* End PBXFrameworksBuildPhase section */

/* Begin PBXGroup section */
		8E15C8A42B662A36001468C7 = {
			isa = PBXGroup;
			children = (
				8E15C8AF2B662A37001468C7 /* Socket - iOS */,
				8E15C8C02B662A3D001468C7 /* Socket - iOSTests */,
				8E15C8CA2B662A3D001468C7 /* Socket - iOSUITests */,
				8E15C8AE2B662A37001468C7 /* Products */,
			);
			sourceTree = "<group>";
		};
		8E15C8AE2B662A37001468C7 /* Products */ = {
			isa = PBXGroup;
			children = (
				8E15C8AD2B662A37001468C7 /* Socket - iOS.app */,
				8E15C8BD2B662A3D001468C7 /* Socket - iOSTests.xctest */,
				8E15C8C72B662A3D001468C7 /* Socket - iOSUITests.xctest */,
			);
			name = Products;
			sourceTree = "<group>";
		};
		8E15C8AF2B662A37001468C7 /* Socket - iOS */ = {
			isa = PBXGroup;
			children = (
				8E15C8B02B662A37001468C7 /* Socket___iOSApp.swift */,
				8E15C8B22B662A37001468C7 /* ContentView.swift */,
				8E15C8DA2B662CC0001468C7 /* WebSocketManager.swift */,
				8E15C8B42B662A3D001468C7 /* Assets.xcassets */,
				8E15C8B62B662A3D001468C7 /* Preview Content */,
			);
			path = "Socket - iOS";
			sourceTree = "<group>";
		};
		8E15C8B62B662A3D001468C7 /* Preview Content */ = {
			isa = PBXGroup;
			children = (
				8E15C8B72B662A3D001468C7 /* Preview Assets.xcassets */,
			);
			path = "Preview Content";
			sourceTree = "<group>";
		};
		8E15C8C02B662A3D001468C7 /* Socket - iOSTests */ = {
			isa = PBXGroup;
			children = (
				8E15C8C12B662A3D001468C7 /* Socket___iOSTests.swift */,
			);
			path = "Socket - iOSTests";
			sourceTree = "<group>";
		};
		8E15C8CA2B662A3D001468C7 /* Socket - iOSUITests */ = {
			isa = PBXGroup;
			children = (
				8E15C8CB2B662A3D001468C7 /* Socket___iOSUITests.swift */,
				8E15C8CD2B662A3D001468C7 /* Socket___iOSUITestsLaunchTests.swift */,
			);
			path = "Socket - iOSUITests";
			sourceTree = "<group>";
		};
/* End PBXGroup section */

/* Begin PBXNativeTarget section */
		8E15C8AC2B662A37001468C7 /* Socket - iOS */ = {
			isa = PBXNativeTarget;
			buildConfigurationList = 8E15C8D12B662A3D001468C7 /* Build configuration list for PBXNativeTarget "Socket - iOS" */;
			buildPhases = (
				8E15C8A92B662A37001468C7 /* Sources */,
				8E15C8AA2B662A37001468C7 /* Frameworks */,
				8E15C8AB2B662A37001468C7 /* Resources */,
			);
			buildRules = (
			);
			dependencies = (
			);
			name = "Socket - iOS";
			productName = "Socket - iOS";
			productReference = 8E15C8AD2B662A37001468C7 /* Socket - iOS.app */;
			productType = "com.apple.product-type.application";
		};
		8E15C8BC2B662A3D001468C7 /* Socket - iOSTests */ = {
			isa = PBXNativeTarget;
			buildConfigurationList = 8E15C8D42B662A3D001468C7 /* Build configuration list for PBXNativeTarget "Socket - iOSTests" */;
			buildPhases = (
				8E15C8B92B662A3D001468C7 /* Sources */,
				8E15C8BA2B662A3D001468C7 /* Frameworks */,
				8E15C8BB2B662A3D001468C7 /* Resources */,
			);
			buildRules = (
			);
			dependencies = (
				8E15C8BF2B662A3D001468C7 /* PBXTargetDependency */,
			);
			name = "Socket - iOSTests";
			productName = "Socket - iOSTests";
			productReference = 8E15C8BD2B662A3D001468C7 /* Socket - iOSTests.xctest */;
			productType = "com.apple.product-type.bundle.unit-test";
		};
		8E15C8C62B662A3D001468C7 /* Socket - iOSUITests */ = {
			isa = PBXNativeTarget;
			buildConfigurationList = 8E15C8D72B662A3D001468C7 /* Build configuration list for PBXNativeTarget "Socket - iOSUITests" */;
			buildPhases = (
				8E15C8C32B662A3D001468C7 /* Sources */,
				8E15C8C42B662A3D001468C7 /* Frameworks */,
				8E15C8C52B662A3D001468C7 /* Resources */,
			);
			buildRules = (
			);
			dependencies = (
				8E15C8C92B662A3D001468C7 /* PBXTargetDependency */,
			);
			name = "Socket - iOSUITests";
			productName = "Socket - iOSUITests";
			productReference = 8E15C8C72B662A3D001468C7 /* Socket - iOSUITests.xctest */;
			productType = "com.apple.product-type.bundle.ui-testing";
		};
/* End PBXNativeTarget section */

/* Begin PBXProject section */
		8E15C8A52B662A36001468C7 /* Project object */ = {
			isa = PBXProject;
			attributes = {
				BuildIndependentTargetsInParallel = 1;
				LastSwiftUpdateCheck = 1520;
				LastUpgradeCheck = 1520;
				TargetAttributes = {
					8E15C8AC2B662A37001468C7 = {
						CreatedOnToolsVersion = 15.2;
					};
					8E15C8BC2B662A3D001468C7 = {
						CreatedOnToolsVersion = 15.2;
						TestTargetID = 8E15C8AC2B662A37001468C7;
					};
					8E15C8C62B662A3D001468C7 = {
						CreatedOnToolsVersion = 15.2;
						TestTargetID = 8E15C8AC2B662A37001468C7;
					};
				};
			};
			buildConfigurationList = 8E15C8A82B662A36001468C7 /* Build configuration list for PBXProject "Socket - iOS" */;
			compatibilityVersion = "Xcode 14.0";
			developmentRegion = en;
			hasScannedForEncodings = 0;
			knownRegions = (
				en,
				Base,
			);
			mainGroup = 8E15C8A42B662A36001468C7;
			productRefGroup = 8E15C8AE2B662A37001468C7 /* Products */;
			projectDirPath = "";
			projectRoot = "";
			targets = (
				8E15C8AC2B662A37001468C7 /* Socket - iOS */,
				8E15C8BC2B662A3D001468C7 /* Socket - iOSTests */,
				8E15C8C62B662A3D001468C7 /* Socket - iOSUITests */,
			);
		};
/* End PBXProject section */

/* Begin PBXResourcesBuildPhase section */
		8E15C8AB2B662A37001468C7 /* Resources */ = {
			isa = PBXResourcesBuildPhase;
			buildActionMask = 2147483647;
			files = (
				8E15C8B82B662A3D001468C7 /* Preview Assets.xcassets in Resources */,
				8E15C8B52B662A3D001468C7 /* Assets.xcassets in Resources */,
			);
			runOnlyForDeploymentPostprocessing = 0;
		};
		8E15C8BB2B662A3D001468C7 /* Resources */ = {
			isa = PBXResourcesBuildPhase;
			buildActionMask = 2147483647;
			files = (
			);
			runOnlyForDeploymentPostprocessing = 0;
		};
		8E15C8C52B662A3D001468C7 /* Resources */ = {
			isa = PBXResourcesBuildPhase;
			buildActionMask = 2147483647;
			files = (
			);
			runOnlyForDeploymentPostprocessing = 0;
		};
/* End PBXResourcesBuildPhase section */

/* Begin PBXSourcesBuildPhase section */
		8E15C8A92B662A37001468C7 /* Sources */ = {
			isa = PBXSourcesBuildPhase;
			buildActionMask = 2147483647;
			files = (
				8E15C8B32B662A37001468C7 /* ContentView.swift in Sources */,
				8E15C8B12B662A37001468C7 /* Socket___iOSApp.swift in Sources */,
				8E15C8DB2B662CC0001468C7 /* WebSocketManager.swift in Sources */,
			);
			runOnlyForDeploymentPostprocessing = 0;
		};
		8E15C8B92B662A3D001468C7 /* Sources */ = {
			isa = PBXSourcesBuildPhase;
			buildActionMask = 2147483647;
			files = (
				8E15C8C22B662A3D001468C7 /* Socket___iOSTests.swift in Sources */,
			);
			runOnlyForDeploymentPostprocessing = 0;
		};
		8E15C8C32B662A3D001468C7 /* Sources */ = {
			isa = PBXSourcesBuildPhase;
			buildActionMask = 2147483647;
			files = (
				8E15C8CC2B662A3D001468C7 /* Socket___iOSUITests.swift in Sources */,
				8E15C8CE2B662A3D001468C7 /* Socket___iOSUITestsLaunchTests.swift in Sources */,
			);
			runOnlyForDeploymentPostprocessing = 0;
		};
/* End PBXSourcesBuildPhase section */

/* Begin PBXTargetDependency section */
		8E15C8BF2B662A3D001468C7 /* PBXTargetDependency */ = {
			isa = PBXTargetDependency;
			target = 8E15C8AC2B662A37001468C7 /* Socket - iOS */;
			targetProxy = 8E15C8BE2B662A3D001468C7 /* PBXContainerItemProxy */;
		};
		8E15C8C92B662A3D001468C7 /* PBXTargetDependency */ = {
			isa = PBXTargetDependency;
			target = 8E15C8AC2B662A37001468C7 /* Socket - iOS */;
			targetProxy = 8E15C8C82B662A3D001468C7 /* PBXContainerItemProxy */;
		};
/* End PBXTargetDependency section */

/* Begin XCBuildConfiguration section */
		8E15C8CF2B662A3D001468C7 /* Debug */ = {
			isa = XCBuildConfiguration;
			buildSettings = {
				ALWAYS_SEARCH_USER_PATHS = NO;
				ASSETCATALOG_COMPILER_GENERATE_SWIFT_ASSET_SYMBOL_EXTENSIONS = YES;
				CLANG_ANALYZER_NONNULL = YES;
				CLANG_ANALYZER_NUMBER_OBJECT_CONVERSION = YES_AGGRESSIVE;
				CLANG_CXX_LANGUAGE_STANDARD = "gnu++20";
				CLANG_ENABLE_MODULES = YES;
				CLANG_ENABLE_OBJC_ARC = YES;
				CLANG_ENABLE_OBJC_WEAK = YES;
				CLANG_WARN_BLOCK_CAPTURE_AUTORELEASING = YES;
				CLANG_WARN_BOOL_CONVERSION = YES;
				CLANG_WARN_COMMA = YES;
				CLANG_WARN_CONSTANT_CONVERSION = YES;
				CLANG_WARN_DEPRECATED_OBJC_IMPLEMENTATIONS = YES;
				CLANG_WARN_DIRECT_OBJC_ISA_USAGE = YES_ERROR;
				CLANG_WARN_DOCUMENTATION_COMMENTS = YES;
				CLANG_WARN_EMPTY_BODY = YES;
				CLANG_WARN_ENUM_CONVERSION = YES;
				CLANG_WARN_INFINITE_RECURSION = YES;
				CLANG_WARN_INT_CONVERSION = YES;
				CLANG_WARN_NON_LITERAL_NULL_CONVERSION = YES;
				CLANG_WARN_OBJC_IMPLICIT_RETAIN_SELF = YES;
				CLANG_WARN_OBJC_LITERAL_CONVERSION = YES;
				CLANG_WARN_OBJC_ROOT_CLASS = YES_ERROR;
				CLANG_WARN_QUOTED_INCLUDE_IN_FRAMEWORK_HEADER = YES;
				CLANG_WARN_RANGE_LOOP_ANALYSIS = YES;
				CLANG_WARN_STRICT_PROTOTYPES = YES;
				CLANG_WARN_SUSPICIOUS_MOVE = YES;
				CLANG_WARN_UNGUARDED_AVAILABILITY = YES_AGGRESSIVE;
				CLANG_WARN_UNREACHABLE_CODE = YES;
				CLANG_WARN__DUPLICATE_METHOD_MATCH = YES;
				COPY_PHASE_STRIP = NO;
				DEBUG_INFORMATION_FORMAT = dwarf;
				ENABLE_STRICT_OBJC_MSGSEND = YES;
				ENABLE_TESTABILITY = YES;
				ENABLE_USER_SCRIPT_SANDBOXING = YES;
				GCC_C_LANGUAGE_STANDARD = gnu17;
				GCC_DYNAMIC_NO_PIC = NO;
				GCC_NO_COMMON_BLOCKS = YES;
				GCC_OPTIMIZATION_LEVEL = 0;
				GCC_PREPROCESSOR_DEFINITIONS = (
					"DEBUG=1",
					"$(inherited)",
				);
				GCC_WARN_64_TO_32_BIT_CONVERSION = YES;
				GCC_WARN_ABOUT_RETURN_TYPE = YES_ERROR;
				GCC_WARN_UNDECLARED_SELECTOR = YES;
				GCC_WARN_UNINITIALIZED_AUTOS = YES_AGGRESSIVE;
				GCC_WARN_UNUSED_FUNCTION = YES;
				GCC_WARN_UNUSED_VARIABLE = YES;
				IPHONEOS_DEPLOYMENT_TARGET = 17.2;
				LOCALIZATION_PREFERS_STRING_CATALOGS = YES;
				MTL_ENABLE_DEBUG_INFO = INCLUDE_SOURCE;
				MTL_FAST_MATH = YES;
				ONLY_ACTIVE_ARCH = YES;
				SDKROOT = iphoneos;
				SWIFT_ACTIVE_COMPILATION_CONDITIONS = "DEBUG $(inherited)";
				SWIFT_OPTIMIZATION_LEVEL = "-Onone";
			};
			name = Debug;
		};
		8E15C8D02B662A3D001468C7 /* Release */ = {
			isa = XCBuildConfiguration;
			buildSettings = {
				ALWAYS_SEARCH_USER_PATHS = NO;
				ASSETCATALOG_COMPILER_GENERATE_SWIFT_ASSET_SYMBOL_EXTENSIONS = YES;
				CLANG_ANALYZER_NONNULL = YES;
				CLANG_ANALYZER_NUMBER_OBJECT_CONVERSION = YES_AGGRESSIVE;
				CLANG_CXX_LANGUAGE_STANDARD = "gnu++20";
				CLANG_ENABLE_MODULES = YES;
				CLANG_ENABLE_OBJC_ARC = YES;
				CLANG_ENABLE_OBJC_WEAK = YES;
				CLANG_WARN_BLOCK_CAPTURE_AUTORELEASING = YES;
				CLANG_WARN_BOOL_CONVERSION = YES;
				CLANG_WARN_COMMA = YES;
				CLANG_WARN_CONSTANT_CONVERSION = YES;
				CLANG_WARN_DEPRECATED_OBJC_IMPLEMENTATIONS = YES;
				CLANG_WARN_DIRECT_OBJC_ISA_USAGE = YES_ERROR;
				CLANG_WARN_DOCUMENTATION_COMMENTS = YES;
				CLANG_WARN_EMPTY_BODY = YES;
				CLANG_WARN_ENUM_CONVERSION = YES;
				CLANG_WARN_INFINITE_RECURSION = YES;
				CLANG_WARN_INT_CONVERSION = YES;
				CLANG_WARN_NON_LITERAL_NULL_CONVERSION = YES;
				CLANG_WARN_OBJC_IMPLICIT_RETAIN_SELF = YES;
				CLANG_WARN_OBJC_LITERAL_CONVERSION = YES;
				CLANG_WARN_OBJC_ROOT_CLASS = YES_ERROR;
				CLANG_WARN_QUOTED_INCLUDE_IN_FRAMEWORK_HEADER = YES;
				CLANG_WARN_RANGE_LOOP_ANALYSIS = YES;
				CLANG_WARN_STRICT_PROTOTYPES = YES;
				CLANG_WARN_SUSPICIOUS_MOVE = YES;
				CLANG_WARN_UNGUARDED_AVAILABILITY = YES_AGGRESSIVE;
				CLANG_WARN_UNREACHABLE_CODE = YES;
				CLANG_WARN__DUPLICATE_METHOD_MATCH = YES;
				COPY_PHASE_STRIP = NO;
				DEBUG_INFORMATION_FORMAT = "dwarf-with-dsym";
				ENABLE_NS_ASSERTIONS = NO;
				ENABLE_STRICT_OBJC_MSGSEND = YES;
				ENABLE_USER_SCRIPT_SANDBOXING = YES;
				GCC_C_LANGUAGE_STANDARD = gnu17;
				GCC_NO_COMMON_BLOCKS = YES;
				GCC_WARN_64_TO_32_BIT_CONVERSION = YES;
				GCC_WARN_ABOUT_RETURN_TYPE = YES_ERROR;
				GCC_WARN_UNDECLARED_SELECTOR = YES;
				GCC_WARN_UNINITIALIZED_AUTOS = YES_AGGRESSIVE;
				GCC_WARN_UNUSED_FUNCTION = YES;
				GCC_WARN_UNUSED_VARIABLE = YES;
				IPHONEOS_DEPLOYMENT_TARGET = 17.2;
				LOCALIZATION_PREFERS_STRING_CATALOGS = YES;
				MTL_ENABLE_DEBUG_INFO = NO;
				MTL_FAST_MATH = YES;
				SDKROOT = iphoneos;
				SWIFT_COMPILATION_MODE = wholemodule;
				VALIDATE_PRODUCT = YES;
			};
			name = Release;
		};
		8E15C8D22B662A3D001468C7 /* Debug */ = {
			isa = XCBuildConfiguration;
			buildSettings = {
				ASSETCATALOG_COMPILER_APPICON_NAME = AppIcon;
				ASSETCATALOG_COMPILER_GLOBAL_ACCENT_COLOR_NAME = AccentColor;
				CODE_SIGN_STYLE = Automatic;
				CURRENT_PROJECT_VERSION = 1;
				DEVELOPMENT_ASSET_PATHS = "\"Socket - iOS/Preview Content\"";
				DEVELOPMENT_TEAM = 9GGZWXBXQ6;
				ENABLE_PREVIEWS = YES;
				GENERATE_INFOPLIST_FILE = YES;
				INFOPLIST_KEY_UIApplicationSceneManifest_Generation = YES;
				INFOPLIST_KEY_UIApplicationSupportsIndirectInputEvents = YES;
				INFOPLIST_KEY_UILaunchScreen_Generation = YES;
				INFOPLIST_KEY_UISupportedInterfaceOrientations_iPad = "UIInterfaceOrientationPortrait UIInterfaceOrientationPortraitUpsideDown UIInterfaceOrientationLandscapeLeft UIInterfaceOrientationLandscapeRight";
				INFOPLIST_KEY_UISupportedInterfaceOrientations_iPhone = "UIInterfaceOrientationPortrait UIInterfaceOrientationLandscapeLeft UIInterfaceOrientationLandscapeRight";
				LD_RUNPATH_SEARCH_PATHS = (
					"$(inherited)",
					"@executable_path/Frameworks",
				);
				MARKETING_VERSION = 1.0;
				PRODUCT_BUNDLE_IDENTIFIER = "YangCustom.Socket---iOS";
				PRODUCT_NAME = "$(TARGET_NAME)";
				SWIFT_EMIT_LOC_STRINGS = YES;
				SWIFT_VERSION = 5.0;
				TARGETED_DEVICE_FAMILY = "1,2";
			};
			name = Debug;
		};
		8E15C8D32B662A3D001468C7 /* Release */ = {
			isa = XCBuildConfiguration;
			buildSettings = {
				ASSETCATALOG_COMPILER_APPICON_NAME = AppIcon;
				ASSETCATALOG_COMPILER_GLOBAL_ACCENT_COLOR_NAME = AccentColor;
				CODE_SIGN_STYLE = Automatic;
				CURRENT_PROJECT_VERSION = 1;
				DEVELOPMENT_ASSET_PATHS = "\"Socket - iOS/Preview Content\"";
				DEVELOPMENT_TEAM = 9GGZWXBXQ6;
				ENABLE_PREVIEWS = YES;
				GENERATE_INFOPLIST_FILE = YES;
				INFOPLIST_KEY_UIApplicationSceneManifest_Generation = YES;
				INFOPLIST_KEY_UIApplicationSupportsIndirectInputEvents = YES;
				INFOPLIST_KEY_UILaunchScreen_Generation = YES;
				INFOPLIST_KEY_UISupportedInterfaceOrientations_iPad = "UIInterfaceOrientationPortrait UIInterfaceOrientationPortraitUpsideDown UIInterfaceOrientationLandscapeLeft UIInterfaceOrientationLandscapeRight";
				INFOPLIST_KEY_UISupportedInterfaceOrientations_iPhone = "UIInterfaceOrientationPortrait UIInterfaceOrientationLandscapeLeft UIInterfaceOrientationLandscapeRight";
				LD_RUNPATH_SEARCH_PATHS = (
					"$(inherited)",
					"@executable_path/Frameworks",
				);
				MARKETING_VERSION = 1.0;
				PRODUCT_BUNDLE_IDENTIFIER = "YangCustom.Socket---iOS";
				PRODUCT_NAME = "$(TARGET_NAME)";
				SWIFT_EMIT_LOC_STRINGS = YES;
				SWIFT_VERSION = 5.0;
				TARGETED_DEVICE_FAMILY = "1,2";
			};
			name = Release;
		};
		8E15C8D52B662A3D001468C7 /* Debug */ = {
			isa = XCBuildConfiguration;
			buildSettings = {
				ALWAYS_EMBED_SWIFT_STANDARD_LIBRARIES = YES;
				BUNDLE_LOADER = "$(TEST_HOST)";
				CODE_SIGN_STYLE = Automatic;
				CURRENT_PROJECT_VERSION = 1;
				DEVELOPMENT_TEAM = 9GGZWXBXQ6;
				GENERATE_INFOPLIST_FILE = YES;
				IPHONEOS_DEPLOYMENT_TARGET = 17.2;
				MARKETING_VERSION = 1.0;
				PRODUCT_BUNDLE_IDENTIFIER = "YangCustom.Socket---iOSTests";
				PRODUCT_NAME = "$(TARGET_NAME)";
				SWIFT_EMIT_LOC_STRINGS = NO;
				SWIFT_VERSION = 5.0;
				TARGETED_DEVICE_FAMILY = "1,2";
				TEST_HOST = "$(BUILT_PRODUCTS_DIR)/Socket - iOS.app/$(BUNDLE_EXECUTABLE_FOLDER_PATH)/Socket - iOS";
			};
			name = Debug;
		};
		8E15C8D62B662A3D001468C7 /* Release */ = {
			isa = XCBuildConfiguration;
			buildSettings = {
				ALWAYS_EMBED_SWIFT_STANDARD_LIBRARIES = YES;
				BUNDLE_LOADER = "$(TEST_HOST)";
				CODE_SIGN_STYLE = Automatic;
				CURRENT_PROJECT_VERSION = 1;
				DEVELOPMENT_TEAM = 9GGZWXBXQ6;
				GENERATE_INFOPLIST_FILE = YES;
				IPHONEOS_DEPLOYMENT_TARGET = 17.2;
				MARKETING_VERSION = 1.0;
				PRODUCT_BUNDLE_IDENTIFIER = "YangCustom.Socket---iOSTests";
				PRODUCT_NAME = "$(TARGET_NAME)";
				SWIFT_EMIT_LOC_STRINGS = NO;
				SWIFT_VERSION = 5.0;
				TARGETED_DEVICE_FAMILY = "1,2";
				TEST_HOST = "$(BUILT_PRODUCTS_DIR)/Socket - iOS.app/$(BUNDLE_EXECUTABLE_FOLDER_PATH)/Socket - iOS";
			};
			name = Release;
		};
		8E15C8D82B662A3D001468C7 /* Debug */ = {
			isa = XCBuildConfiguration;
			buildSettings = {
				ALWAYS_EMBED_SWIFT_STANDARD_LIBRARIES = YES;
				CODE_SIGN_STYLE = Automatic;
				CURRENT_PROJECT_VERSION = 1;
				DEVELOPMENT_TEAM = 9GGZWXBXQ6;
				GENERATE_INFOPLIST_FILE = YES;
				MARKETING_VERSION = 1.0;
				PRODUCT_BUNDLE_IDENTIFIER = "YangCustom.Socket---iOSUITests";
				PRODUCT_NAME = "$(TARGET_NAME)";
				SWIFT_EMIT_LOC_STRINGS = NO;
				SWIFT_VERSION = 5.0;
				TARGETED_DEVICE_FAMILY = "1,2";
				TEST_TARGET_NAME = "Socket - iOS";
			};
			name = Debug;
		};
		8E15C8D92B662A3D001468C7 /* Release */ = {
			isa = XCBuildConfiguration;
			buildSettings = {
				ALWAYS_EMBED_SWIFT_STANDARD_LIBRARIES = YES;
				CODE_SIGN_STYLE = Automatic;
				CURRENT_PROJECT_VERSION = 1;
				DEVELOPMENT_TEAM = 9GGZWXBXQ6;
				GENERATE_INFOPLIST_FILE = YES;
				MARKETING_VERSION = 1.0;
				PRODUCT_BUNDLE_IDENTIFIER = "YangCustom.Socket---iOSUITests";
				PRODUCT_NAME = "$(TARGET_NAME)";
				SWIFT_EMIT_LOC_STRINGS = NO;
				SWIFT_VERSION = 5.0;
				TARGETED_DEVICE_FAMILY = "1,2";
				TEST_TARGET_NAME = "Socket - iOS";
			};
			name = Release;
		};
/* End XCBuildConfiguration section */

/* Begin XCConfigurationList section */
		8E15C8A82B662A36001468C7 /* Build configuration list for PBXProject "Socket - iOS" */ = {
			isa = XCConfigurationList;
			buildConfigurations = (
				8E15C8CF2B662A3D001468C7 /* Debug */,
				8E15C8D02B662A3D001468C7 /* Release */,
			);
			defaultConfigurationIsVisible = 0;
			defaultConfigurationName = Release;
		};
		8E15C8D12B662A3D001468C7 /* Build configuration list for PBXNativeTarget "Socket - iOS" */ = {
			isa = XCConfigurationList;
			buildConfigurations = (
				8E15C8D22B662A3D001468C7 /* Debug */,
				8E15C8D32B662A3D001468C7 /* Release */,
			);
			defaultConfigurationIsVisible = 0;
			defaultConfigurationName = Release;
		};
		8E15C8D42B662A3D001468C7 /* Build configuration list for PBXNativeTarget "Socket - iOSTests" */ = {
			isa = XCConfigurationList;
			buildConfigurations = (
				8E15C8D52B662A3D001468C7 /* Debug */,
				8E15C8D62B662A3D001468C7 /* Release */,
			);
			defaultConfigurationIsVisible = 0;
			defaultConfigurationName = Release;
		};
		8E15C8D72B662A3D001468C7 /* Build configuration list for PBXNativeTarget "Socket - iOSUITests" */ = {
			isa = XCConfigurationList;
			buildConfigurations = (
				8E15C8D82B662A3D001468C7 /* Debug */,
				8E15C8D92B662A3D001468C7 /* Release */,
			);
			defaultConfigurationIsVisible = 0;
			defaultConfigurationName = Release;
		};
/* End XCConfigurationList section */
	};
	rootObject = 8E15C8A52B662A36001468C7 /* Project object */;
}
